
Microsoft Visual Studio Solution File, Format Version 12.00
# Visual Studio Version 17
VisualStudioVersion = 17.8.34330.188
MinimumVisualStudioVersion = 10.0.40219.1
Project("{FAE04EC0-301F-11D3-BF4B-00C04F79EFBC}") = "Homework0129", "Homework0129.csproj", "{1FC76260-302B-4460-ACCC-9447B65DD941}"
EndProject
Global
	GlobalSection(SolutionConfigurationPlatforms) = preSolution
		Debug|Any CPU = Debug|Any CPU
		Release|Any CPU = Release|Any CPU
	EndGlobalSection
	GlobalSection(ProjectConfigurationPlatforms) = postSolution
		{1FC76260-302B-4460-ACCC-9447B65DD941}.Debug|Any CPU.ActiveCfg = Debug|Any CPU
		{1FC76260-302B-4460-ACCC-9447B65DD941}.Debug|Any CPU.Build.0 = Debug|Any CPU
		{1FC76260-302B-4460-ACCC-9447B65DD941}.Release|Any CPU.ActiveCfg = Release|Any CPU
		{1FC76260-302B-4460-ACCC-9447B65DD941}.Release|Any CPU.Build.0 = Release|Any CPU
	EndGlobalSection
	GlobalSection(SolutionProperties) = preSolution
		HideSolutionNode = FALSE
	EndGlobalSection
	GlobalSection(ExtensibilityGlobals) = postSolution
		SolutionGuid = {401BA2D2-C0AF-49A0-BC5F-8179B2CE4302}
	EndGlobalSection
EndGlobal
